
Microsoft Visual Studio Solution File, Format Version 12.00
# Visual Studio 14
VisualStudioVersion = 14.0.25420.1
MinimumVisualStudioVersion = 10.0.40219.1
Project("{FAE04EC0-301F-11D3-BF4B-00C04F79EFBC}") = "Entity", "Entity\Entity.csproj", "{50898F83-6F93-4E35-9CB4-8E784DECC6A6}"
EndProject
Project("{FAE04EC0-301F-11D3-BF4B-00C04F79EFBC}") = "DAL", "DAL\DAL.csproj", "{E11B810D-EDCA-47DD-8D9E-A3FAC6E02938}"
EndProject
Project("{FAE04EC0-301F-11D3-BF4B-00C04F79EFBC}") = "Api", "Api\Api.csproj", "{93C96AE1-5729-4A24-AA44-36CBB13B9E83}"
EndProject
Project("{FAE04EC0-301F-11D3-BF4B-00C04F79EFBC}") = "Console", "Console\Console.csproj", "{0A672ACD-954F-48EF-B5E1-8D3FA0661590}"
EndProject
Project("{FAE04EC0-301F-11D3-BF4B-00C04F79EFBC}") = "FormsApp", "FormsApp\FormsApp.csproj", "{6A100137-E7D0-4273-958B-04D24A8B6E95}"
EndProject
Project("{FAE04EC0-301F-11D3-BF4B-00C04F79EFBC}") = "Web", "Web\Web.csproj", "{BC4A9DFD-5093-465C-BF51-3141DAE20823}"
EndProject
Project("{262852C6-CD72-467D-83FE-5EEB1973A190}") = "Mobile", "Mobile\Mobile.jsproj", "{F38FED8E-94B9-48AD-9C10-DD5537862357}"
EndProject
Global
	GlobalSection(SolutionConfigurationPlatforms) = preSolution
		Debug|Android = Debug|Android
		Debug|Any CPU = Debug|Any CPU
		Debug|iOS = Debug|iOS
		Debug|Windows Phone (Universal) = Debug|Windows Phone (Universal)
		Debug|Windows Phone 8 = Debug|Windows Phone 8
		Debug|Windows-AnyCPU = Debug|Windows-AnyCPU
		Debug|Windows-ARM = Debug|Windows-ARM
		Debug|Windows-x64 = Debug|Windows-x64
		Debug|Windows-x86 = Debug|Windows-x86
		Release|Android = Release|Android
		Release|Any CPU = Release|Any CPU
		Release|iOS = Release|iOS
		Release|Windows Phone (Universal) = Release|Windows Phone (Universal)
		Release|Windows Phone 8 = Release|Windows Phone 8
		Release|Windows-AnyCPU = Release|Windows-AnyCPU
		Release|Windows-ARM = Release|Windows-ARM
		Release|Windows-x64 = Release|Windows-x64
		Release|Windows-x86 = Release|Windows-x86
	EndGlobalSection
	GlobalSection(ProjectConfigurationPlatforms) = postSolution
		{50898F83-6F93-4E35-9CB4-8E784DECC6A6}.Debug|Android.ActiveCfg = Debug|Any CPU
		{50898F83-6F93-4E35-9CB4-8E784DECC6A6}.Debug|Android.Build.0 = Debug|Any CPU
		{50898F83-6F93-4E35-9CB4-8E784DECC6A6}.Debug|Any CPU.ActiveCfg = Debug|Any CPU
		{50898F83-6F93-4E35-9CB4-8E784DECC6A6}.Debug|Any CPU.Build.0 = Debug|Any CPU
		{50898F83-6F93-4E35-9CB4-8E784DECC6A6}.Debug|iOS.ActiveCfg = Debug|Any CPU
		{50898F83-6F93-4E35-9CB4-8E784DECC6A6}.Debug|iOS.Build.0 = Debug|Any CPU
		{50898F83-6F93-4E35-9CB4-8E784DECC6A6}.Debug|Windows Phone (Universal).ActiveCfg = Debug|Any CPU
		{50898F83-6F93-4E35-9CB4-8E784DECC6A6}.Debug|Windows Phone (Universal).Build.0 = Debug|Any CPU
		{50898F83-6F93-4E35-9CB4-8E784DECC6A6}.Debug|Windows Phone 8.ActiveCfg = Debug|Any CPU
		{50898F83-6F93-4E35-9CB4-8E784DECC6A6}.Debug|Windows Phone 8.Build.0 = Debug|Any CPU
		{50898F83-6F93-4E35-9CB4-8E784DECC6A6}.Debug|Windows-AnyCPU.ActiveCfg = Debug|Any CPU
		{50898F83-6F93-4E35-9CB4-8E784DECC6A6}.Debug|Windows-AnyCPU.Build.0 = Debug|Any CPU
		{50898F83-6F93-4E35-9CB4-8E784DECC6A6}.Debug|Windows-ARM.ActiveCfg = Debug|Any CPU
		{50898F83-6F93-4E35-9CB4-8E784DECC6A6}.Debug|Windows-ARM.Build.0 = Debug|Any CPU
		{50898F83-6F93-4E35-9CB4-8E784DECC6A6}.Debug|Windows-x64.ActiveCfg = Debug|Any CPU
		{50898F83-6F93-4E35-9CB4-8E784DECC6A6}.Debug|Windows-x64.Build.0 = Debug|Any CPU
		{50898F83-6F93-4E35-9CB4-8E784DECC6A6}.Debug|Windows-x86.ActiveCfg = Debug|Any CPU
		{50898F83-6F93-4E35-9CB4-8E784DECC6A6}.Debug|Windows-x86.Build.0 = Debug|Any CPU
		{50898F83-6F93-4E35-9CB4-8E784DECC6A6}.Release|Android.ActiveCfg = Release|Any CPU
		{50898F83-6F93-4E35-9CB4-8E784DECC6A6}.Release|Android.Build.0 = Release|Any CPU
		{50898F83-6F93-4E35-9CB4-8E784DECC6A6}.Release|Any CPU.ActiveCfg = Release|Any CPU
		{50898F83-6F93-4E35-9CB4-8E784DECC6A6}.Release|Any CPU.Build.0 = Release|Any CPU
		{50898F83-6F93-4E35-9CB4-8E784DECC6A6}.Release|iOS.ActiveCfg = Release|Any CPU
		{50898F83-6F93-4E35-9CB4-8E784DECC6A6}.Release|iOS.Build.0 = Release|Any CPU
		{50898F83-6F93-4E35-9CB4-8E784DECC6A6}.Release|Windows Phone (Universal).ActiveCfg = Release|Any CPU
		{50898F83-6F93-4E35-9CB4-8E784DECC6A6}.Release|Windows Phone (Universal).Build.0 = Release|Any CPU
		{50898F83-6F93-4E35-9CB4-8E784DECC6A6}.Release|Windows Phone 8.ActiveCfg = Release|Any CPU
		{50898F83-6F93-4E35-9CB4-8E784DECC6A6}.Release|Windows Phone 8.Build.0 = Release|Any CPU
		{50898F83-6F93-4E35-9CB4-8E784DECC6A6}.Release|Windows-AnyCPU.ActiveCfg = Release|Any CPU
		{50898F83-6F93-4E35-9CB4-8E784DECC6A6}.Release|Windows-AnyCPU.Build.0 = Release|Any CPU
		{50898F83-6F93-4E35-9CB4-8E784DECC6A6}.Release|Windows-ARM.ActiveCfg = Release|Any CPU
		{50898F83-6F93-4E35-9CB4-8E784DECC6A6}.Release|Windows-ARM.Build.0 = Release|Any CPU
		{50898F83-6F93-4E35-9CB4-8E784DECC6A6}.Release|Windows-x64.ActiveCfg = Release|Any CPU
		{50898F83-6F93-4E35-9CB4-8E784DECC6A6}.Release|Windows-x64.Build.0 = Release|Any CPU
		{50898F83-6F93-4E35-9CB4-8E784DECC6A6}.Release|Windows-x86.ActiveCfg = Release|Any CPU
		{50898F83-6F93-4E35-9CB4-8E784DECC6A6}.Release|Windows-x86.Build.0 = Release|Any CPU
		{E11B810D-EDCA-47DD-8D9E-A3FAC6E02938}.Debug|Android.ActiveCfg = Debug|Any CPU
		{E11B810D-EDCA-47DD-8D9E-A3FAC6E02938}.Debug|Android.Build.0 = Debug|Any CPU
		{E11B810D-EDCA-47DD-8D9E-A3FAC6E02938}.Debug|Any CPU.ActiveCfg = Debug|Any CPU
		{E11B810D-EDCA-47DD-8D9E-A3FAC6E02938}.Debug|Any CPU.Build.0 = Debug|Any CPU
		{E11B810D-EDCA-47DD-8D9E-A3FAC6E02938}.Debug|iOS.ActiveCfg = Debug|Any CPU
		{E11B810D-EDCA-47DD-8D9E-A3FAC6E02938}.Debug|iOS.Build.0 = Debug|Any CPU
		{E11B810D-EDCA-47DD-8D9E-A3FAC6E02938}.Debug|Windows Phone (Universal).ActiveCfg = Debug|Any CPU
		{E11B810D-EDCA-47DD-8D9E-A3FAC6E02938}.Debug|Windows Phone (Universal).Build.0 = Debug|Any CPU
		{E11B810D-EDCA-47DD-8D9E-A3FAC6E02938}.Debug|Windows Phone 8.ActiveCfg = Debug|Any CPU
		{E11B810D-EDCA-47DD-8D9E-A3FAC6E02938}.Debug|Windows Phone 8.Build.0 = Debug|Any CPU
		{E11B810D-EDCA-47DD-8D9E-A3FAC6E02938}.Debug|Windows-AnyCPU.ActiveCfg = Debug|Any CPU
		{E11B810D-EDCA-47DD-8D9E-A3FAC6E02938}.Debug|Windows-AnyCPU.Build.0 = Debug|Any CPU
		{E11B810D-EDCA-47DD-8D9E-A3FAC6E02938}.Debug|Windows-ARM.ActiveCfg = Debug|Any CPU
		{E11B810D-EDCA-47DD-8D9E-A3FAC6E02938}.Debug|Windows-ARM.Build.0 = Debug|Any CPU
		{E11B810D-EDCA-47DD-8D9E-A3FAC6E02938}.Debug|Windows-x64.ActiveCfg = Debug|Any CPU
		{E11B810D-EDCA-47DD-8D9E-A3FAC6E02938}.Debug|Windows-x64.Build.0 = Debug|Any CPU
		{E11B810D-EDCA-47DD-8D9E-A3FAC6E02938}.Debug|Windows-x86.ActiveCfg = Debug|Any CPU
		{E11B810D-EDCA-47DD-8D9E-A3FAC6E02938}.Debug|Windows-x86.Build.0 = Debug|Any CPU
		{E11B810D-EDCA-47DD-8D9E-A3FAC6E02938}.Release|Android.ActiveCfg = Release|Any CPU
		{E11B810D-EDCA-47DD-8D9E-A3FAC6E02938}.Release|Android.Build.0 = Release|Any CPU
		{E11B810D-EDCA-47DD-8D9E-A3FAC6E02938}.Release|Any CPU.ActiveCfg = Release|Any CPU
		{E11B810D-EDCA-47DD-8D9E-A3FAC6E02938}.Release|Any CPU.Build.0 = Release|Any CPU
		{E11B810D-EDCA-47DD-8D9E-A3FAC6E02938}.Release|iOS.ActiveCfg = Release|Any CPU
		{E11B810D-EDCA-47DD-8D9E-A3FAC6E02938}.Release|iOS.Build.0 = Release|Any CPU
		{E11B810D-EDCA-47DD-8D9E-A3FAC6E02938}.Release|Windows Phone (Universal).ActiveCfg = Release|Any CPU
		{E11B810D-EDCA-47DD-8D9E-A3FAC6E02938}.Release|Windows Phone (Universal).Build.0 = Release|Any CPU
		{E11B810D-EDCA-47DD-8D9E-A3FAC6E02938}.Release|Windows Phone 8.ActiveCfg = Release|Any CPU
		{E11B810D-EDCA-47DD-8D9E-A3FAC6E02938}.Release|Windows Phone 8.Build.0 = Release|Any CPU
		{E11B810D-EDCA-47DD-8D9E-A3FAC6E02938}.Release|Windows-AnyCPU.ActiveCfg = Release|Any CPU
		{E11B810D-EDCA-47DD-8D9E-A3FAC6E02938}.Release|Windows-AnyCPU.Build.0 = Release|Any CPU
		{E11B810D-EDCA-47DD-8D9E-A3FAC6E02938}.Release|Windows-ARM.ActiveCfg = Release|Any CPU
		{E11B810D-EDCA-47DD-8D9E-A3FAC6E02938}.Release|Windows-ARM.Build.0 = Release|Any CPU
		{E11B810D-EDCA-47DD-8D9E-A3FAC6E02938}.Release|Windows-x64.ActiveCfg = Release|Any CPU
		{E11B810D-EDCA-47DD-8D9E-A3FAC6E02938}.Release|Windows-x64.Build.0 = Release|Any CPU
		{E11B810D-EDCA-47DD-8D9E-A3FAC6E02938}.Release|Windows-x86.ActiveCfg = Release|Any CPU
		{E11B810D-EDCA-47DD-8D9E-A3FAC6E02938}.Release|Windows-x86.Build.0 = Release|Any CPU
		{93C96AE1-5729-4A24-AA44-36CBB13B9E83}.Debug|Android.ActiveCfg = Debug|Any CPU
		{93C96AE1-5729-4A24-AA44-36CBB13B9E83}.Debug|Android.Build.0 = Debug|Any CPU
		{93C96AE1-5729-4A24-AA44-36CBB13B9E83}.Debug|Any CPU.ActiveCfg = Debug|Any CPU
		{93C96AE1-5729-4A24-AA44-36CBB13B9E83}.Debug|Any CPU.Build.0 = Debug|Any CPU
		{93C96AE1-5729-4A24-AA44-36CBB13B9E83}.Debug|iOS.ActiveCfg = Debug|Any CPU
		{93C96AE1-5729-4A24-AA44-36CBB13B9E83}.Debug|iOS.Build.0 = Debug|Any CPU
		{93C96AE1-5729-4A24-AA44-36CBB13B9E83}.Debug|Windows Phone (Universal).ActiveCfg = Debug|Any CPU
		{93C96AE1-5729-4A24-AA44-36CBB13B9E83}.Debug|Windows Phone (Universal).Build.0 = Debug|Any CPU
		{93C96AE1-5729-4A24-AA44-36CBB13B9E83}.Debug|Windows Phone 8.ActiveCfg = Debug|Any CPU
		{93C96AE1-5729-4A24-AA44-36CBB13B9E83}.Debug|Windows Phone 8.Build.0 = Debug|Any CPU
		{93C96AE1-5729-4A24-AA44-36CBB13B9E83}.Debug|Windows-AnyCPU.ActiveCfg = Debug|Any CPU
		{93C96AE1-5729-4A24-AA44-36CBB13B9E83}.Debug|Windows-AnyCPU.Build.0 = Debug|Any CPU
		{93C96AE1-5729-4A24-AA44-36CBB13B9E83}.Debug|Windows-ARM.ActiveCfg = Debug|Any CPU
		{93C96AE1-5729-4A24-AA44-36CBB13B9E83}.Debug|Windows-ARM.Build.0 = Debug|Any CPU
		{93C96AE1-5729-4A24-AA44-36CBB13B9E83}.Debug|Windows-x64.ActiveCfg = Debug|Any CPU
		{93C96AE1-5729-4A24-AA44-36CBB13B9E83}.Debug|Windows-x64.Build.0 = Debug|Any CPU
		{93C96AE1-5729-4A24-AA44-36CBB13B9E83}.Debug|Windows-x86.ActiveCfg = Debug|Any CPU
		{93C96AE1-5729-4A24-AA44-36CBB13B9E83}.Debug|Windows-x86.Build.0 = Debug|Any CPU
		{93C96AE1-5729-4A24-AA44-36CBB13B9E83}.Release|Android.ActiveCfg = Release|Any CPU
		{93C96AE1-5729-4A24-AA44-36CBB13B9E83}.Release|Android.Build.0 = Release|Any CPU
		{93C96AE1-5729-4A24-AA44-36CBB13B9E83}.Release|Any CPU.ActiveCfg = Release|Any CPU
		{93C96AE1-5729-4A24-AA44-36CBB13B9E83}.Release|Any CPU.Build.0 = Release|Any CPU
		{93C96AE1-5729-4A24-AA44-36CBB13B9E83}.Release|iOS.ActiveCfg = Release|Any CPU
		{93C96AE1-5729-4A24-AA44-36CBB13B9E83}.Release|iOS.Build.0 = Release|Any CPU
		{93C96AE1-5729-4A24-AA44-36CBB13B9E83}.Release|Windows Phone (Universal).ActiveCfg = Release|Any CPU
		{93C96AE1-5729-4A24-AA44-36CBB13B9E83}.Release|Windows Phone (Universal).Build.0 = Release|Any CPU
		{93C96AE1-5729-4A24-AA44-36CBB13B9E83}.Release|Windows Phone 8.ActiveCfg = Release|Any CPU
		{93C96AE1-5729-4A24-AA44-36CBB13B9E83}.Release|Windows Phone 8.Build.0 = Release|Any CPU
		{93C96AE1-5729-4A24-AA44-36CBB13B9E83}.Release|Windows-AnyCPU.ActiveCfg = Release|Any CPU
		{93C96AE1-5729-4A24-AA44-36CBB13B9E83}.Release|Windows-AnyCPU.Build.0 = Release|Any CPU
		{93C96AE1-5729-4A24-AA44-36CBB13B9E83}.Release|Windows-ARM.ActiveCfg = Release|Any CPU
		{93C96AE1-5729-4A24-AA44-36CBB13B9E83}.Release|Windows-ARM.Build.0 = Release|Any CPU
		{93C96AE1-5729-4A24-AA44-36CBB13B9E83}.Release|Windows-x64.ActiveCfg = Release|Any CPU
		{93C96AE1-5729-4A24-AA44-36CBB13B9E83}.Release|Windows-x64.Build.0 = Release|Any CPU
		{93C96AE1-5729-4A24-AA44-36CBB13B9E83}.Release|Windows-x86.ActiveCfg = Release|Any CPU
		{93C96AE1-5729-4A24-AA44-36CBB13B9E83}.Release|Windows-x86.Build.0 = Release|Any CPU
		{0A672ACD-954F-48EF-B5E1-8D3FA0661590}.Debug|Android.ActiveCfg = Debug|Any CPU
		{0A672ACD-954F-48EF-B5E1-8D3FA0661590}.Debug|Android.Build.0 = Debug|Any CPU
		{0A672ACD-954F-48EF-B5E1-8D3FA0661590}.Debug|Any CPU.ActiveCfg = Debug|Any CPU
		{0A672ACD-954F-48EF-B5E1-8D3FA0661590}.Debug|Any CPU.Build.0 = Debug|Any CPU
		{0A672ACD-954F-48EF-B5E1-8D3FA0661590}.Debug|iOS.ActiveCfg = Debug|Any CPU
		{0A672ACD-954F-48EF-B5E1-8D3FA0661590}.Debug|iOS.Build.0 = Debug|Any CPU
		{0A672ACD-954F-48EF-B5E1-8D3FA0661590}.Debug|Windows Phone (Universal).ActiveCfg = Debug|Any CPU
		{0A672ACD-954F-48EF-B5E1-8D3FA0661590}.Debug|Windows Phone (Universal).Build.0 = Debug|Any CPU
		{0A672ACD-954F-48EF-B5E1-8D3FA0661590}.Debug|Windows Phone 8.ActiveCfg = Debug|Any CPU
		{0A672ACD-954F-48EF-B5E1-8D3FA0661590}.Debug|Windows Phone 8.Build.0 = Debug|Any CPU
		{0A672ACD-954F-48EF-B5E1-8D3FA0661590}.Debug|Windows-AnyCPU.ActiveCfg = Debug|Any CPU
		{0A672ACD-954F-48EF-B5E1-8D3FA0661590}.Debug|Windows-AnyCPU.Build.0 = Debug|Any CPU
		{0A672ACD-954F-48EF-B5E1-8D3FA0661590}.Debug|Windows-ARM.ActiveCfg = Debug|Any CPU
		{0A672ACD-954F-48EF-B5E1-8D3FA0661590}.Debug|Windows-ARM.Build.0 = Debug|Any CPU
		{0A672ACD-954F-48EF-B5E1-8D3FA0661590}.Debug|Windows-x64.ActiveCfg = Debug|Any CPU
		{0A672ACD-954F-48EF-B5E1-8D3FA0661590}.Debug|Windows-x64.Build.0 = Debug|Any CPU
		{0A672ACD-954F-48EF-B5E1-8D3FA0661590}.Debug|Windows-x86.ActiveCfg = Debug|Any CPU
		{0A672ACD-954F-48EF-B5E1-8D3FA0661590}.Debug|Windows-x86.Build.0 = Debug|Any CPU
		{0A672ACD-954F-48EF-B5E1-8D3FA0661590}.Release|Android.ActiveCfg = Release|Any CPU
		{0A672ACD-954F-48EF-B5E1-8D3FA0661590}.Release|Android.Build.0 = Release|Any CPU
		{0A672ACD-954F-48EF-B5E1-8D3FA0661590}.Release|Any CPU.ActiveCfg = Release|Any CPU
		{0A672ACD-954F-48EF-B5E1-8D3FA0661590}.Release|Any CPU.Build.0 = Release|Any CPU
		{0A672ACD-954F-48EF-B5E1-8D3FA0661590}.Release|iOS.ActiveCfg = Release|Any CPU
		{0A672ACD-954F-48EF-B5E1-8D3FA0661590}.Release|iOS.Build.0 = Release|Any CPU
		{0A672ACD-954F-48EF-B5E1-8D3FA0661590}.Release|Windows Phone (Universal).ActiveCfg = Release|Any CPU
		{0A672ACD-954F-48EF-B5E1-8D3FA0661590}.Release|Windows Phone (Universal).Build.0 = Release|Any CPU
		{0A672ACD-954F-48EF-B5E1-8D3FA0661590}.Release|Windows Phone 8.ActiveCfg = Release|Any CPU
		{0A672ACD-954F-48EF-B5E1-8D3FA0661590}.Release|Windows Phone 8.Build.0 = Release|Any CPU
		{0A672ACD-954F-48EF-B5E1-8D3FA0661590}.Release|Windows-AnyCPU.ActiveCfg = Release|Any CPU
		{0A672ACD-954F-48EF-B5E1-8D3FA0661590}.Release|Windows-AnyCPU.Build.0 = Release|Any CPU
		{0A672ACD-954F-48EF-B5E1-8D3FA0661590}.Release|Windows-ARM.ActiveCfg = Release|Any CPU
		{0A672ACD-954F-48EF-B5E1-8D3FA0661590}.Release|Windows-ARM.Build.0 = Release|Any CPU
		{0A672ACD-954F-48EF-B5E1-8D3FA0661590}.Release|Windows-x64.ActiveCfg = Release|Any CPU
		{0A672ACD-954F-48EF-B5E1-8D3FA0661590}.Release|Windows-x64.Build.0 = Release|Any CPU
		{0A672ACD-954F-48EF-B5E1-8D3FA0661590}.Release|Windows-x86.ActiveCfg = Release|Any CPU
		{0A672ACD-954F-48EF-B5E1-8D3FA0661590}.Release|Windows-x86.Build.0 = Release|Any CPU
		{6A100137-E7D0-4273-958B-04D24A8B6E95}.Debug|Android.ActiveCfg = Debug|Any CPU
		{6A100137-E7D0-4273-958B-04D24A8B6E95}.Debug|Android.Build.0 = Debug|Any CPU
		{6A100137-E7D0-4273-958B-04D24A8B6E95}.Debug|Any CPU.ActiveCfg = Debug|Any CPU
		{6A100137-E7D0-4273-958B-04D24A8B6E95}.Debug|Any CPU.Build.0 = Debug|Any CPU
		{6A100137-E7D0-4273-958B-04D24A8B6E95}.Debug|iOS.ActiveCfg = Debug|Any CPU
		{6A100137-E7D0-4273-958B-04D24A8B6E95}.Debug|iOS.Build.0 = Debug|Any CPU
		{6A100137-E7D0-4273-958B-04D24A8B6E95}.Debug|Windows Phone (Universal).ActiveCfg = Debug|Any CPU
		{6A100137-E7D0-4273-958B-04D24A8B6E95}.Debug|Windows Phone (Universal).Build.0 = Debug|Any CPU
		{6A100137-E7D0-4273-958B-04D24A8B6E95}.Debug|Windows Phone 8.ActiveCfg = Debug|Any CPU
		{6A100137-E7D0-4273-958B-04D24A8B6E95}.Debug|Windows Phone 8.Build.0 = Debug|Any CPU
		{6A100137-E7D0-4273-958B-04D24A8B6E95}.Debug|Windows-AnyCPU.ActiveCfg = Debug|Any CPU
		{6A100137-E7D0-4273-958B-04D24A8B6E95}.Debug|Windows-AnyCPU.Build.0 = Debug|Any CPU
		{6A100137-E7D0-4273-958B-04D24A8B6E95}.Debug|Windows-ARM.ActiveCfg = Debug|Any CPU
		{6A100137-E7D0-4273-958B-04D24A8B6E95}.Debug|Windows-ARM.Build.0 = Debug|Any CPU
		{6A100137-E7D0-4273-958B-04D24A8B6E95}.Debug|Windows-x64.ActiveCfg = Debug|Any CPU
		{6A100137-E7D0-4273-958B-04D24A8B6E95}.Debug|Windows-x64.Build.0 = Debug|Any CPU
		{6A100137-E7D0-4273-958B-04D24A8B6E95}.Debug|Windows-x86.ActiveCfg = Debug|Any CPU
		{6A100137-E7D0-4273-958B-04D24A8B6E95}.Debug|Windows-x86.Build.0 = Debug|Any CPU
		{6A100137-E7D0-4273-958B-04D24A8B6E95}.Release|Android.ActiveCfg = Release|Any CPU
		{6A100137-E7D0-4273-958B-04D24A8B6E95}.Release|Android.Build.0 = Release|Any CPU
		{6A100137-E7D0-4273-958B-04D24A8B6E95}.Release|Any CPU.ActiveCfg = Release|Any CPU
		{6A100137-E7D0-4273-958B-04D24A8B6E95}.Release|Any CPU.Build.0 = Release|Any CPU
		{6A100137-E7D0-4273-958B-04D24A8B6E95}.Release|iOS.ActiveCfg = Release|Any CPU
		{6A100137-E7D0-4273-958B-04D24A8B6E95}.Release|iOS.Build.0 = Release|Any CPU
		{6A100137-E7D0-4273-958B-04D24A8B6E95}.Release|Windows Phone (Universal).ActiveCfg = Release|Any CPU
		{6A100137-E7D0-4273-958B-04D24A8B6E95}.Release|Windows Phone (Universal).Build.0 = Release|Any CPU
		{6A100137-E7D0-4273-958B-04D24A8B6E95}.Release|Windows Phone 8.ActiveCfg = Release|Any CPU
		{6A100137-E7D0-4273-958B-04D24A8B6E95}.Release|Windows Phone 8.Build.0 = Release|Any CPU
		{6A100137-E7D0-4273-958B-04D24A8B6E95}.Release|Windows-AnyCPU.ActiveCfg = Release|Any CPU
		{6A100137-E7D0-4273-958B-04D24A8B6E95}.Release|Windows-AnyCPU.Build.0 = Release|Any CPU
		{6A100137-E7D0-4273-958B-04D24A8B6E95}.Release|Windows-ARM.ActiveCfg = Release|Any CPU
		{6A100137-E7D0-4273-958B-04D24A8B6E95}.Release|Windows-ARM.Build.0 = Release|Any CPU
		{6A100137-E7D0-4273-958B-04D24A8B6E95}.Release|Windows-x64.ActiveCfg = Release|Any CPU
		{6A100137-E7D0-4273-958B-04D24A8B6E95}.Release|Windows-x64.Build.0 = Release|Any CPU
		{6A100137-E7D0-4273-958B-04D24A8B6E95}.Release|Windows-x86.ActiveCfg = Release|Any CPU
		{6A100137-E7D0-4273-958B-04D24A8B6E95}.Release|Windows-x86.Build.0 = Release|Any CPU
		{BC4A9DFD-5093-465C-BF51-3141DAE20823}.Debug|Android.ActiveCfg = Debug|Any CPU
		{BC4A9DFD-5093-465C-BF51-3141DAE20823}.Debug|Android.Build.0 = Debug|Any CPU
		{BC4A9DFD-5093-465C-BF51-3141DAE20823}.Debug|Any CPU.ActiveCfg = Debug|Any CPU
		{BC4A9DFD-5093-465C-BF51-3141DAE20823}.Debug|Any CPU.Build.0 = Debug|Any CPU
		{BC4A9DFD-5093-465C-BF51-3141DAE20823}.Debug|iOS.ActiveCfg = Debug|Any CPU
		{BC4A9DFD-5093-465C-BF51-3141DAE20823}.Debug|iOS.Build.0 = Debug|Any CPU
		{BC4A9DFD-5093-465C-BF51-3141DAE20823}.Debug|Windows Phone (Universal).ActiveCfg = Debug|Any CPU
		{BC4A9DFD-5093-465C-BF51-3141DAE20823}.Debug|Windows Phone (Universal).Build.0 = Debug|Any CPU
		{BC4A9DFD-5093-465C-BF51-3141DAE20823}.Debug|Windows Phone 8.ActiveCfg = Debug|Any CPU
		{BC4A9DFD-5093-465C-BF51-3141DAE20823}.Debug|Windows Phone 8.Build.0 = Debug|Any CPU
		{BC4A9DFD-5093-465C-BF51-3141DAE20823}.Debug|Windows-AnyCPU.ActiveCfg = Debug|Any CPU
		{BC4A9DFD-5093-465C-BF51-3141DAE20823}.Debug|Windows-AnyCPU.Build.0 = Debug|Any CPU
		{BC4A9DFD-5093-465C-BF51-3141DAE20823}.Debug|Windows-ARM.ActiveCfg = Debug|Any CPU
		{BC4A9DFD-5093-465C-BF51-3141DAE20823}.Debug|Windows-ARM.Build.0 = Debug|Any CPU
		{BC4A9DFD-5093-465C-BF51-3141DAE20823}.Debug|Windows-x64.ActiveCfg = Debug|Any CPU
		{BC4A9DFD-5093-465C-BF51-3141DAE20823}.Debug|Windows-x64.Build.0 = Debug|Any CPU
		{BC4A9DFD-5093-465C-BF51-3141DAE20823}.Debug|Windows-x86.ActiveCfg = Debug|Any CPU
		{BC4A9DFD-5093-465C-BF51-3141DAE20823}.Debug|Windows-x86.Build.0 = Debug|Any CPU
		{BC4A9DFD-5093-465C-BF51-3141DAE20823}.Release|Android.ActiveCfg = Release|Any CPU
		{BC4A9DFD-5093-465C-BF51-3141DAE20823}.Release|Android.Build.0 = Release|Any CPU
		{BC4A9DFD-5093-465C-BF51-3141DAE20823}.Release|Any CPU.ActiveCfg = Release|Any CPU
		{BC4A9DFD-5093-465C-BF51-3141DAE20823}.Release|Any CPU.Build.0 = Release|Any CPU
		{BC4A9DFD-5093-465C-BF51-3141DAE20823}.Release|iOS.ActiveCfg = Release|Any CPU
		{BC4A9DFD-5093-465C-BF51-3141DAE20823}.Release|iOS.Build.0 = Release|Any CPU
		{BC4A9DFD-5093-465C-BF51-3141DAE20823}.Release|Windows Phone (Universal).ActiveCfg = Release|Any CPU
		{BC4A9DFD-5093-465C-BF51-3141DAE20823}.Release|Windows Phone (Universal).Build.0 = Release|Any CPU
		{BC4A9DFD-5093-465C-BF51-3141DAE20823}.Release|Windows Phone 8.ActiveCfg = Release|Any CPU
		{BC4A9DFD-5093-465C-BF51-3141DAE20823}.Release|Windows Phone 8.Build.0 = Release|Any CPU
		{BC4A9DFD-5093-465C-BF51-3141DAE20823}.Release|Windows-AnyCPU.ActiveCfg = Release|Any CPU
		{BC4A9DFD-5093-465C-BF51-3141DAE20823}.Release|Windows-AnyCPU.Build.0 = Release|Any CPU
		{BC4A9DFD-5093-465C-BF51-3141DAE20823}.Release|Windows-ARM.ActiveCfg = Release|Any CPU
		{BC4A9DFD-5093-465C-BF51-3141DAE20823}.Release|Windows-ARM.Build.0 = Release|Any CPU
		{BC4A9DFD-5093-465C-BF51-3141DAE20823}.Release|Windows-x64.ActiveCfg = Release|Any CPU
		{BC4A9DFD-5093-465C-BF51-3141DAE20823}.Release|Windows-x64.Build.0 = Release|Any CPU
		{BC4A9DFD-5093-465C-BF51-3141DAE20823}.Release|Windows-x86.ActiveCfg = Release|Any CPU
		{BC4A9DFD-5093-465C-BF51-3141DAE20823}.Release|Windows-x86.Build.0 = Release|Any CPU
		{F38FED8E-94B9-48AD-9C10-DD5537862357}.Debug|Android.ActiveCfg = Debug|Android
		{F38FED8E-94B9-48AD-9C10-DD5537862357}.Debug|Android.Build.0 = Debug|Android
		{F38FED8E-94B9-48AD-9C10-DD5537862357}.Debug|Android.Deploy.0 = Debug|Android
		{F38FED8E-94B9-48AD-9C10-DD5537862357}.Debug|Any CPU.ActiveCfg = Debug|Android
		{F38FED8E-94B9-48AD-9C10-DD5537862357}.Debug|iOS.ActiveCfg = Debug|iOS
		{F38FED8E-94B9-48AD-9C10-DD5537862357}.Debug|iOS.Build.0 = Debug|iOS
		{F38FED8E-94B9-48AD-9C10-DD5537862357}.Debug|iOS.Deploy.0 = Debug|iOS
		{F38FED8E-94B9-48AD-9C10-DD5537862357}.Debug|Windows Phone (Universal).ActiveCfg = Debug|Windows Phone (Universal)
		{F38FED8E-94B9-48AD-9C10-DD5537862357}.Debug|Windows Phone (Universal).Build.0 = Debug|Windows Phone (Universal)
		{F38FED8E-94B9-48AD-9C10-DD5537862357}.Debug|Windows Phone (Universal).Deploy.0 = Debug|Windows Phone (Universal)
		{F38FED8E-94B9-48AD-9C10-DD5537862357}.Debug|Windows Phone 8.ActiveCfg = Debug|Windows Phone 8
		{F38FED8E-94B9-48AD-9C10-DD5537862357}.Debug|Windows Phone 8.Build.0 = Debug|Windows Phone 8
		{F38FED8E-94B9-48AD-9C10-DD5537862357}.Debug|Windows Phone 8.Deploy.0 = Debug|Windows Phone 8
		{F38FED8E-94B9-48AD-9C10-DD5537862357}.Debug|Windows-AnyCPU.ActiveCfg = Debug|Windows-AnyCPU
		{F38FED8E-94B9-48AD-9C10-DD5537862357}.Debug|Windows-AnyCPU.Build.0 = Debug|Windows-AnyCPU
		{F38FED8E-94B9-48AD-9C10-DD5537862357}.Debug|Windows-AnyCPU.Deploy.0 = Debug|Windows-AnyCPU
		{F38FED8E-94B9-48AD-9C10-DD5537862357}.Debug|Windows-ARM.ActiveCfg = Debug|Windows-ARM
		{F38FED8E-94B9-48AD-9C10-DD5537862357}.Debug|Windows-ARM.Build.0 = Debug|Windows-ARM
		{F38FED8E-94B9-48AD-9C10-DD5537862357}.Debug|Windows-ARM.Deploy.0 = Debug|Windows-ARM
		{F38FED8E-94B9-48AD-9C10-DD5537862357}.Debug|Windows-x64.ActiveCfg = Debug|Windows-x64
		{F38FED8E-94B9-48AD-9C10-DD5537862357}.Debug|Windows-x64.Build.0 = Debug|Windows-x64
		{F38FED8E-94B9-48AD-9C10-DD5537862357}.Debug|Windows-x64.Deploy.0 = Debug|Windows-x64
		{F38FED8E-94B9-48AD-9C10-DD5537862357}.Debug|Windows-x86.ActiveCfg = Debug|Windows-x86
		{F38FED8E-94B9-48AD-9C10-DD5537862357}.Debug|Windows-x86.Build.0 = Debug|Windows-x86
		{F38FED8E-94B9-48AD-9C10-DD5537862357}.Debug|Windows-x86.Deploy.0 = Debug|Windows-x86
		{F38FED8E-94B9-48AD-9C10-DD5537862357}.Release|Android.ActiveCfg = Release|Android
		{F38FED8E-94B9-48AD-9C10-DD5537862357}.Release|Android.Build.0 = Release|Android
		{F38FED8E-94B9-48AD-9C10-DD5537862357}.Release|Android.Deploy.0 = Release|Android
		{F38FED8E-94B9-48AD-9C10-DD5537862357}.Release|Any CPU.ActiveCfg = Release|Android
		{F38FED8E-94B9-48AD-9C10-DD5537862357}.Release|iOS.ActiveCfg = Release|iOS
		{F38FED8E-94B9-48AD-9C10-DD5537862357}.Release|iOS.Build.0 = Release|iOS
		{F38FED8E-94B9-48AD-9C10-DD5537862357}.Release|iOS.Deploy.0 = Release|iOS
		{F38FED8E-94B9-48AD-9C10-DD5537862357}.Release|Windows Phone (Universal).ActiveCfg = Release|Windows Phone (Universal)
		{F38FED8E-94B9-48AD-9C10-DD5537862357}.Release|Windows Phone (Universal).Build.0 = Release|Windows Phone (Universal)
		{F38FED8E-94B9-48AD-9C10-DD5537862357}.Release|Windows Phone (Universal).Deploy.0 = Release|Windows Phone (Universal)
		{F38FED8E-94B9-48AD-9C10-DD5537862357}.Release|Windows Phone 8.ActiveCfg = Release|Windows Phone 8
		{F38FED8E-94B9-48AD-9C10-DD5537862357}.Release|Windows Phone 8.Build.0 = Release|Windows Phone 8
		{F38FED8E-94B9-48AD-9C10-DD5537862357}.Release|Windows Phone 8.Deploy.0 = Release|Windows Phone 8
		{F38FED8E-94B9-48AD-9C10-DD5537862357}.Release|Windows-AnyCPU.ActiveCfg = Release|Windows-AnyCPU
		{F38FED8E-94B9-48AD-9C10-DD5537862357}.Release|Windows-AnyCPU.Build.0 = Release|Windows-AnyCPU
		{F38FED8E-94B9-48AD-9C10-DD5537862357}.Release|Windows-AnyCPU.Deploy.0 = Release|Windows-AnyCPU
		{F38FED8E-94B9-48AD-9C10-DD5537862357}.Release|Windows-ARM.ActiveCfg = Release|Windows-ARM
		{F38FED8E-94B9-48AD-9C10-DD5537862357}.Release|Windows-ARM.Build.0 = Release|Windows-ARM
		{F38FED8E-94B9-48AD-9C10-DD5537862357}.Release|Windows-ARM.Deploy.0 = Release|Windows-ARM
		{F38FED8E-94B9-48AD-9C10-DD5537862357}.Release|Windows-x64.ActiveCfg = Release|Windows-x64
		{F38FED8E-94B9-48AD-9C10-DD5537862357}.Release|Windows-x64.Build.0 = Release|Windows-x64
		{F38FED8E-94B9-48AD-9C10-DD5537862357}.Release|Windows-x64.Deploy.0 = Release|Windows-x64
		{F38FED8E-94B9-48AD-9C10-DD5537862357}.Release|Windows-x86.ActiveCfg = Release|Windows-x86
		{F38FED8E-94B9-48AD-9C10-DD5537862357}.Release|Windows-x86.Build.0 = Release|Windows-x86
		{F38FED8E-94B9-48AD-9C10-DD5537862357}.Release|Windows-x86.Deploy.0 = Release|Windows-x86
	EndGlobalSection
	GlobalSection(SolutionProperties) = preSolution
		HideSolutionNode = FALSE
	EndGlobalSection
EndGlobal
